// !$*UTF8*$!
{
	archiveVersion = 1;
	classes = {
	};
	objectVersion = 50;
	objects = {

/* Begin PBXBuildFile section */
		AF85599F23831418001DD7D4 /* StudentLocation.swift in Sources */ = {isa = PBXBuildFile; fileRef = AF85599E23831418001DD7D4 /* StudentLocation.swift */; };
		AF8559A1238316E4001DD7D4 /* MapViewController.swift in Sources */ = {isa = PBXBuildFile; fileRef = AF8559A0238316E4001DD7D4 /* MapViewController.swift */; };
		AF8559A32383319F001DD7D4 /* TableViewController.swift in Sources */ = {isa = PBXBuildFile; fileRef = AF8559A22383319F001DD7D4 /* TableViewController.swift */; };
		AF8559A723847470001DD7D4 /* TableViewCell.swift in Sources */ = {isa = PBXBuildFile; fileRef = AF8559A623847470001DD7D4 /* TableViewCell.swift */; };
		AF8559A92385C762001DD7D4 /* AddingNewLocationViewController.swift in Sources */ = {isa = PBXBuildFile; fileRef = AF8559A82385C762001DD7D4 /* AddingNewLocationViewController.swift */; };
		AF8559AB2385D9C4001DD7D4 /* SubmitLocationViewController.swift in Sources */ = {isa = PBXBuildFile; fileRef = AF8559AA2385D9C4001DD7D4 /* SubmitLocationViewController.swift */; };
		AF8DF186237B289000344356 /* AppDelegate.swift in Sources */ = {isa = PBXBuildFile; fileRef = AF8DF185237B289000344356 /* AppDelegate.swift */; };
		AF8DF188237B289000344356 /* SceneDelegate.swift in Sources */ = {isa = PBXBuildFile; fileRef = AF8DF187237B289000344356 /* SceneDelegate.swift */; };
		AF8DF18A237B289000344356 /* LoginController.swift in Sources */ = {isa = PBXBuildFile; fileRef = AF8DF189237B289000344356 /* LoginController.swift */; };
		AF8DF18D237B289000344356 /* Main.storyboard in Resources */ = {isa = PBXBuildFile; fileRef = AF8DF18B237B289000344356 /* Main.storyboard */; };
		AF8DF18F237B289200344356 /* Assets.xcassets in Resources */ = {isa = PBXBuildFile; fileRef = AF8DF18E237B289200344356 /* Assets.xcassets */; };
		AF8DF192237B289200344356 /* LaunchScreen.storyboard in Resources */ = {isa = PBXBuildFile; fileRef = AF8DF190237B289200344356 /* LaunchScreen.storyboard */; };
		AF8DF19D237C69B000344356 /* ApiRequests.swift in Sources */ = {isa = PBXBuildFile; fileRef = AF8DF19C237C69B000344356 /* ApiRequests.swift */; };
		AF8DF1A12381EF5600344356 /* Alert.swift in Sources */ = {isa = PBXBuildFile; fileRef = AF8DF1A02381EF5600344356 /* Alert.swift */; };
/* End PBXBuildFile section */

/* Begin PBXFileReference section */
		AF85599E23831418001DD7D4 /* StudentLocation.swift */ = {isa = PBXFileReference; lastKnownFileType = sourcecode.swift; path = StudentLocation.swift; sourceTree = "<group>"; };
		AF8559A0238316E4001DD7D4 /* MapViewController.swift */ = {isa = PBXFileReference; lastKnownFileType = sourcecode.swift; path = MapViewController.swift; sourceTree = "<group>"; };
		AF8559A22383319F001DD7D4 /* TableViewController.swift */ = {isa = PBXFileReference; lastKnownFileType = sourcecode.swift; path = TableViewController.swift; sourceTree = "<group>"; };
		AF8559A623847470001DD7D4 /* TableViewCell.swift */ = {isa = PBXFileReference; lastKnownFileType = sourcecode.swift; path = TableViewCell.swift; sourceTree = "<group>"; };
		AF8559A82385C762001DD7D4 /* AddingNewLocationViewController.swift */ = {isa = PBXFileReference; lastKnownFileType = sourcecode.swift; path = AddingNewLocationViewController.swift; sourceTree = "<group>"; };
		AF8559AA2385D9C4001DD7D4 /* SubmitLocationViewController.swift */ = {isa = PBXFileReference; lastKnownFileType = sourcecode.swift; path = SubmitLocationViewController.swift; sourceTree = "<group>"; };
		AF8DF182237B289000344356 /* OnTheMap.app */ = {isa = PBXFileReference; explicitFileType = wrapper.application; includeInIndex = 0; path = OnTheMap.app; sourceTree = BUILT_PRODUCTS_DIR; };
		AF8DF185237B289000344356 /* AppDelegate.swift */ = {isa = PBXFileReference; lastKnownFileType = sourcecode.swift; path = AppDelegate.swift; sourceTree = "<group>"; };
		AF8DF187237B289000344356 /* SceneDelegate.swift */ = {isa = PBXFileReference; lastKnownFileType = sourcecode.swift; path = SceneDelegate.swift; sourceTree = "<group>"; };
		AF8DF189237B289000344356 /* LoginController.swift */ = {isa = PBXFileReference; lastKnownFileType = sourcecode.swift; path = LoginController.swift; sourceTree = "<group>"; };
		AF8DF18C237B289000344356 /* Base */ = {isa = PBXFileReference; lastKnownFileType = file.storyboard; name = Base; path = Base.lproj/Main.storyboard; sourceTree = "<group>"; };
		AF8DF18E237B289200344356 /* Assets.xcassets */ = {isa = PBXFileReference; lastKnownFileType = folder.assetcatalog; path = Assets.xcassets; sourceTree = "<group>"; };
		AF8DF191237B289200344356 /* Base */ = {isa = PBXFileReference; lastKnownFileType = file.storyboard; name = Base; path = Base.lproj/LaunchScreen.storyboard; sourceTree = "<group>"; };
		AF8DF193237B289200344356 /* Info.plist */ = {isa = PBXFileReference; lastKnownFileType = text.plist.xml; path = Info.plist; sourceTree = "<group>"; };
		AF8DF19C237C69B000344356 /* ApiRequests.swift */ = {isa = PBXFileReference; lastKnownFileType = sourcecode.swift; path = ApiRequests.swift; sourceTree = "<group>"; };
		AF8DF1A02381EF5600344356 /* Alert.swift */ = {isa = PBXFileReference; lastKnownFileType = sourcecode.swift; path = Alert.swift; sourceTree = "<group>"; };
/* End PBXFileReference section */

/* Begin PBXFrameworksBuildPhase section */
		AF8DF17F237B289000344356 /* Frameworks */ = {
			isa = PBXFrameworksBuildPhase;
			buildActionMask = 2147483647;
			files = (
			);
			runOnlyForDeploymentPostprocessing = 0;
		};
/* End PBXFrameworksBuildPhase section */

/* Begin PBXGroup section */
		AF8DF179237B288F00344356 = {
			isa = PBXGroup;
			children = (
				AF8DF184237B289000344356 /* OnTheMap */,
				AF8DF183237B289000344356 /* Products */,
			);
			sourceTree = "<group>";
		};
		AF8DF183237B289000344356 /* Products */ = {
			isa = PBXGroup;
			children = (
				AF8DF182237B289000344356 /* OnTheMap.app */,
			);
			name = Products;
			sourceTree = "<group>";
		};
		AF8DF184237B289000344356 /* OnTheMap */ = {
			isa = PBXGroup;
			children = (
				AF8DF193237B289200344356 /* Info.plist */,
				AF8DF19B237B39D000344356 /* Model */,
				AF8DF19A237B399500344356 /* Contrller */,
				AF8DF199237B398100344356 /* View */,
			);
			path = OnTheMap;
			sourceTree = "<group>";
		};
		AF8DF199237B398100344356 /* View */ = {
			isa = PBXGroup;
			children = (
				AF8DF190237B289200344356 /* LaunchScreen.storyboard */,
				AF8DF18B237B289000344356 /* Main.storyboard */,
				AF8DF18E237B289200344356 /* Assets.xcassets */,
			);
			path = View;
			sourceTree = "<group>";
		};
		AF8DF19A237B399500344356 /* Contrller */ = {
			isa = PBXGroup;
			children = (
				AF8DF1A02381EF5600344356 /* Alert.swift */,
				AF8DF185237B289000344356 /* AppDelegate.swift */,
				AF8DF187237B289000344356 /* SceneDelegate.swift */,
				AF8DF189237B289000344356 /* LoginController.swift */,
				AF8DF19C237C69B000344356 /* ApiRequests.swift */,
				AF8559A0238316E4001DD7D4 /* MapViewController.swift */,
				AF8559A22383319F001DD7D4 /* TableViewController.swift */,
				AF8559A82385C762001DD7D4 /* AddingNewLocationViewController.swift */,
				AF8559AA2385D9C4001DD7D4 /* SubmitLocationViewController.swift */,
			);
			path = Contrller;
			sourceTree = "<group>";
		};
		AF8DF19B237B39D000344356 /* Model */ = {
			isa = PBXGroup;
			children = (
				AF85599E23831418001DD7D4 /* StudentLocation.swift */,
				AF8559A623847470001DD7D4 /* TableViewCell.swift */,
			);
			path = Model;
			sourceTree = "<group>";
		};
/* End PBXGroup section */

/* Begin PBXNativeTarget section */
		AF8DF181237B289000344356 /* OnTheMap */ = {
			isa = PBXNativeTarget;
			buildConfigurationList = AF8DF196237B289200344356 /* Build configuration list for PBXNativeTarget "OnTheMap" */;
			buildPhases = (
				AF8DF17E237B289000344356 /* Sources */,
				AF8DF17F237B289000344356 /* Frameworks */,
				AF8DF180237B289000344356 /* Resources */,
			);
			buildRules = (
			);
			dependencies = (
			);
			name = OnTheMap;
			productName = OnTheMap;
			productReference = AF8DF182237B289000344356 /* OnTheMap.app */;
			productType = "com.apple.product-type.application";
		};
/* End PBXNativeTarget section */

/* Begin PBXProject section */
		AF8DF17A237B288F00344356 /* Project object */ = {
			isa = PBXProject;
			attributes = {
				LastSwiftUpdateCheck = 1120;
				LastUpgradeCheck = 1120;
				ORGANIZATIONNAME = Udacity;
				TargetAttributes = {
					AF8DF181237B289000344356 = {
						CreatedOnToolsVersion = 11.2;
					};
				};
			};
			buildConfigurationList = AF8DF17D237B288F00344356 /* Build configuration list for PBXProject "OnTheMap" */;
			compatibilityVersion = "Xcode 9.3";
			developmentRegion = en;
			hasScannedForEncodings = 0;
			knownRegions = (
				en,
				Base,
			);
			mainGroup = AF8DF179237B288F00344356;
			productRefGroup = AF8DF183237B289000344356 /* Products */;
			projectDirPath = "";
			projectRoot = "";
			targets = (
				AF8DF181237B289000344356 /* OnTheMap */,
			);
		};
/* End PBXProject section */

/* Begin PBXResourcesBuildPhase section */
		AF8DF180237B289000344356 /* Resources */ = {
			isa = PBXResourcesBuildPhase;
			buildActionMask = 2147483647;
			files = (
				AF8DF192237B289200344356 /* LaunchScreen.storyboard in Resources */,
				AF8DF18F237B289200344356 /* Assets.xcassets in Resources */,
				AF8DF18D237B289000344356 /* Main.storyboard in Resources */,
			);
			runOnlyForDeploymentPostprocessing = 0;
		};
/* End PBXResourcesBuildPhase section */

/* Begin PBXSourcesBuildPhase section */
		AF8DF17E237B289000344356 /* Sources */ = {
			isa = PBXSourcesBuildPhase;
			buildActionMask = 2147483647;
			files = (
				AF85599F23831418001DD7D4 /* StudentLocation.swift in Sources */,
				AF8DF18A237B289000344356 /* LoginController.swift in Sources */,
				AF8DF186237B289000344356 /* AppDelegate.swift in Sources */,
				AF8559A723847470001DD7D4 /* TableViewCell.swift in Sources */,
				AF8559A32383319F001DD7D4 /* TableViewController.swift in Sources */,
				AF8559A92385C762001DD7D4 /* AddingNewLocationViewController.swift in Sources */,
				AF8DF19D237C69B000344356 /* ApiRequests.swift in Sources */,
				AF8559AB2385D9C4001DD7D4 /* SubmitLocationViewController.swift in Sources */,
				AF8DF1A12381EF5600344356 /* Alert.swift in Sources */,
				AF8DF188237B289000344356 /* SceneDelegate.swift in Sources */,
				AF8559A1238316E4001DD7D4 /* MapViewController.swift in Sources */,
			);
			runOnlyForDeploymentPostprocessing = 0;
		};
/* End PBXSourcesBuildPhase section */

/* Begin PBXVariantGroup section */
		AF8DF18B237B289000344356 /* Main.storyboard */ = {
			isa = PBXVariantGroup;
			children = (
				AF8DF18C237B289000344356 /* Base */,
			);
			name = Main.storyboard;
			sourceTree = "<group>";
		};
		AF8DF190237B289200344356 /* LaunchScreen.storyboard */ = {
			isa = PBXVariantGroup;
			children = (
				AF8DF191237B289200344356 /* Base */,
			);
			name = LaunchScreen.storyboard;
			sourceTree = "<group>";
		};
/* End PBXVariantGroup section */

/* Begin XCBuildConfiguration section */
		AF8DF194237B289200344356 /* Debug */ = {
			isa = XCBuildConfiguration;
			buildSettings = {
				ALWAYS_SEARCH_USER_PATHS = NO;
				CLANG_ANALYZER_NONNULL = YES;
				CLANG_ANALYZER_NUMBER_OBJECT_CONVERSION = YES_AGGRESSIVE;
				CLANG_CXX_LANGUAGE_STANDARD = "gnu++14";
				CLANG_CXX_LIBRARY = "libc++";
				CLANG_ENABLE_MODULES = YES;
				CLANG_ENABLE_OBJC_ARC = YES;
				CLANG_ENABLE_OBJC_WEAK = YES;
				CLANG_WARN_BLOCK_CAPTURE_AUTORELEASING = YES;
				CLANG_WARN_BOOL_CONVERSION = YES;
				CLANG_WARN_COMMA = YES;
				CLANG_WARN_CONSTANT_CONVERSION = YES;
				CLANG_WARN_DEPRECATED_OBJC_IMPLEMENTATIONS = YES;
				CLANG_WARN_DIRECT_OBJC_ISA_USAGE = YES_ERROR;
				CLANG_WARN_DOCUMENTATION_COMMENTS = YES;
				CLANG_WARN_EMPTY_BODY = YES;
				CLANG_WARN_ENUM_CONVERSION = YES;
				CLANG_WARN_INFINITE_RECURSION = YES;
				CLANG_WARN_INT_CONVERSION = YES;
				CLANG_WARN_NON_LITERAL_NULL_CONVERSION = YES;
				CLANG_WARN_OBJC_IMPLICIT_RETAIN_SELF = YES;
				CLANG_WARN_OBJC_LITERAL_CONVERSION = YES;
				CLANG_WARN_OBJC_ROOT_CLASS = YES_ERROR;
				CLANG_WARN_RANGE_LOOP_ANALYSIS = YES;
				CLANG_WARN_STRICT_PROTOTYPES = YES;
				CLANG_WARN_SUSPICIOUS_MOVE = YES;
				CLANG_WARN_UNGUARDED_AVAILABILITY = YES_AGGRESSIVE;
				CLANG_WARN_UNREACHABLE_CODE = YES;
				CLANG_WARN__DUPLICATE_METHOD_MATCH = YES;
				COPY_PHASE_STRIP = NO;
				DEBUG_INFORMATION_FORMAT = dwarf;
				ENABLE_STRICT_OBJC_MSGSEND = YES;
				ENABLE_TESTABILITY = YES;
				GCC_C_LANGUAGE_STANDARD = gnu11;
				GCC_DYNAMIC_NO_PIC = NO;
				GCC_NO_COMMON_BLOCKS = YES;
				GCC_OPTIMIZATION_LEVEL = 0;
				GCC_PREPROCESSOR_DEFINITIONS = (
					"DEBUG=1",
					"$(inherited)",
				);
				GCC_WARN_64_TO_32_BIT_CONVERSION = YES;
				GCC_WARN_ABOUT_RETURN_TYPE = YES_ERROR;
				GCC_WARN_UNDECLARED_SELECTOR = YES;
				GCC_WARN_UNINITIALIZED_AUTOS = YES_AGGRESSIVE;
				GCC_WARN_UNUSED_FUNCTION = YES;
				GCC_WARN_UNUSED_VARIABLE = YES;
				IPHONEOS_DEPLOYMENT_TARGET = 13.2;
				MTL_ENABLE_DEBUG_INFO = INCLUDE_SOURCE;
				MTL_FAST_MATH = YES;
				ONLY_ACTIVE_ARCH = YES;
				SDKROOT = iphoneos;
				SWIFT_ACTIVE_COMPILATION_CONDITIONS = DEBUG;
				SWIFT_OPTIMIZATION_LEVEL = "-Onone";
			};
			name = Debug;
		};
		AF8DF195237B289200344356 /* Release */ = {
			isa = XCBuildConfiguration;
			buildSettings = {
				ALWAYS_SEARCH_USER_PATHS = NO;
				CLANG_ANALYZER_NONNULL = YES;
				CLANG_ANALYZER_NUMBER_OBJECT_CONVERSION = YES_AGGRESSIVE;
				CLANG_CXX_LANGUAGE_STANDARD = "gnu++14";
				CLANG_CXX_LIBRARY = "libc++";
				CLANG_ENABLE_MODULES = YES;
				CLANG_ENABLE_OBJC_ARC = YES;
				CLANG_ENABLE_OBJC_WEAK = YES;
				CLANG_WARN_BLOCK_CAPTURE_AUTORELEASING = YES;
				CLANG_WARN_BOOL_CONVERSION = YES;
				CLANG_WARN_COMMA = YES;
				CLANG_WARN_CONSTANT_CONVERSION = YES;
				CLANG_WARN_DEPRECATED_OBJC_IMPLEMENTATIONS = YES;
				CLANG_WARN_DIRECT_OBJC_ISA_USAGE = YES_ERROR;
				CLANG_WARN_DOCUMENTATION_COMMENTS = YES;
				CLANG_WARN_EMPTY_BODY = YES;
				CLANG_WARN_ENUM_CONVERSION = YES;
				CLANG_WARN_INFINITE_RECURSION = YES;
				CLANG_WARN_INT_CONVERSION = YES;
				CLANG_WARN_NON_LITERAL_NULL_CONVERSION = YES;
				CLANG_WARN_OBJC_IMPLICIT_RETAIN_SELF = YES;
				CLANG_WARN_OBJC_LITERAL_CONVERSION = YES;
				CLANG_WARN_OBJC_ROOT_CLASS = YES_ERROR;
				CLANG_WARN_RANGE_LOOP_ANALYSIS = YES;
				CLANG_WARN_STRICT_PROTOTYPES = YES;
				CLANG_WARN_SUSPICIOUS_MOVE = YES;
				CLANG_WARN_UNGUARDED_AVAILABILITY = YES_AGGRESSIVE;
				CLANG_WARN_UNREACHABLE_CODE = YES;
				CLANG_WARN__DUPLICATE_METHOD_MATCH = YES;
				COPY_PHASE_STRIP = NO;
				DEBUG_INFORMATION_FORMAT = "dwarf-with-dsym";
				ENABLE_NS_ASSERTIONS = NO;
				ENABLE_STRICT_OBJC_MSGSEND = YES;
				GCC_C_LANGUAGE_STANDARD = gnu11;
				GCC_NO_COMMON_BLOCKS = YES;
				GCC_WARN_64_TO_32_BIT_CONVERSION = YES;
				GCC_WARN_ABOUT_RETURN_TYPE = YES_ERROR;
				GCC_WARN_UNDECLARED_SELECTOR = YES;
				GCC_WARN_UNINITIALIZED_AUTOS = YES_AGGRESSIVE;
				GCC_WARN_UNUSED_FUNCTION = YES;
				GCC_WARN_UNUSED_VARIABLE = YES;
				IPHONEOS_DEPLOYMENT_TARGET = 13.2;
				MTL_ENABLE_DEBUG_INFO = NO;
				MTL_FAST_MATH = YES;
				SDKROOT = iphoneos;
				SWIFT_COMPILATION_MODE = wholemodule;
				SWIFT_OPTIMIZATION_LEVEL = "-O";
				VALIDATE_PRODUCT = YES;
			};
			name = Release;
		};
		AF8DF197237B289200344356 /* Debug */ = {
			isa = XCBuildConfiguration;
			buildSettings = {
				ASSETCATALOG_COMPILER_APPICON_NAME = AppIcon;
				CODE_SIGN_STYLE = Automatic;
				INFOPLIST_FILE = OnTheMap/Info.plist;
				LD_RUNPATH_SEARCH_PATHS = (
					"$(inherited)",
					"@executable_path/Frameworks",
				);
				PRODUCT_BUNDLE_IDENTIFIER = com.udacity.OnTheMap;
				PRODUCT_NAME = "$(TARGET_NAME)";
				SWIFT_VERSION = 5.0;
				TARGETED_DEVICE_FAMILY = "1,2";
			};
			name = Debug;
		};
		AF8DF198237B289200344356 /* Release */ = {
			isa = XCBuildConfiguration;
			buildSettings = {
				ASSETCATALOG_COMPILER_APPICON_NAME = AppIcon;
				CODE_SIGN_STYLE = Automatic;
				INFOPLIST_FILE = OnTheMap/Info.plist;
				LD_RUNPATH_SEARCH_PATHS = (
					"$(inherited)",
					"@executable_path/Frameworks",
				);
				PRODUCT_BUNDLE_IDENTIFIER = com.udacity.OnTheMap;
				PRODUCT_NAME = "$(TARGET_NAME)";
				SWIFT_VERSION = 5.0;
				TARGETED_DEVICE_FAMILY = "1,2";
			};
			name = Release;
		};
/* End XCBuildConfiguration section */

/* Begin XCConfigurationList section */
		AF8DF17D237B288F00344356 /* Build configuration list for PBXProject "OnTheMap" */ = {
			isa = XCConfigurationList;
			buildConfigurations = (
				AF8DF194237B289200344356 /* Debug */,
				AF8DF195237B289200344356 /* Release */,
			);
			defaultConfigurationIsVisible = 0;
			defaultConfigurationName = Release;
		};
		AF8DF196237B289200344356 /* Build configuration list for PBXNativeTarget "OnTheMap" */ = {
			isa = XCConfigurationList;
			buildConfigurations = (
				AF8DF197237B289200344356 /* Debug */,
				AF8DF198237B289200344356 /* Release */,
			);
			defaultConfigurationIsVisible = 0;
			defaultConfigurationName = Release;
		};
/* End XCConfigurationList section */
	};
	rootObject = AF8DF17A237B288F00344356 /* Project object */;
}
